
Microsoft Visual Studio Solution File, Format Version 12.00
# Visual Studio Version 17
VisualStudioVersion = 17.12.35707.178 d17.12
MinimumVisualStudioVersion = 10.0.40219.1
Project("{FAE04EC0-301F-11D3-BF4B-00C04F79EFBC}") = "ST10451435-BONGI KHOZA-PROG6221-PART 1", "ST10451435-BONGI KHOZA-PROG6221-PART 1.csproj", "{C634DC87-9AA7-4BF6-B058-89B5B03C1CCD}"
EndProject
Global
	GlobalSection(SolutionConfigurationPlatforms) = preSolution
		Debug|Any CPU = Debug|Any CPU
		Release|Any CPU = Release|Any CPU
	EndGlobalSection
	GlobalSection(ProjectConfigurationPlatforms) = postSolution
		{C634DC87-9AA7-4BF6-B058-89B5B03C1CCD}.Debug|Any CPU.ActiveCfg = Debug|Any CPU
		{C634DC87-9AA7-4BF6-B058-89B5B03C1CCD}.Debug|Any CPU.Build.0 = Debug|Any CPU
		{C634DC87-9AA7-4BF6-B058-89B5B03C1CCD}.Release|Any CPU.ActiveCfg = Release|Any CPU
		{C634DC87-9AA7-4BF6-B058-89B5B03C1CCD}.Release|Any CPU.Build.0 = Release|Any CPU
	EndGlobalSection
	GlobalSection(SolutionProperties) = preSolution
		HideSolutionNode = FALSE
	EndGlobalSection
EndGlobal
